// !$*UTF8*$!
{
	archiveVersion = 1;
	classes = {
	};
	objectVersion = 46;
	objects = {

/* Begin PBXBuildFile section */
		1122C6AC1EE55375006CA37B /* main.m in Sources */ = {isa = PBXBuildFile; fileRef = 1122C6AB1EE55375006CA37B /* main.m */; };
		1122C6AF1EE55375006CA37B /* AppDelegate.m in Sources */ = {isa = PBXBuildFile; fileRef = 1122C6AE1EE55375006CA37B /* AppDelegate.m */; };
		1122C6B21EE55375006CA37B /* ViewController.m in Sources */ = {isa = PBXBuildFile; fileRef = 1122C6B11EE55375006CA37B /* ViewController.m */; };
		1122C6B51EE55375006CA37B /* Main.storyboard in Resources */ = {isa = PBXBuildFile; fileRef = 1122C6B31EE55375006CA37B /* Main.storyboard */; };
		1122C6B71EE55375006CA37B /* Assets.xcassets in Resources */ = {isa = PBXBuildFile; fileRef = 1122C6B61EE55375006CA37B /* Assets.xcassets */; };
		1122C6BA1EE55375006CA37B /* LaunchScreen.storyboard in Resources */ = {isa = PBXBuildFile; fileRef = 1122C6B81EE55375006CA37B /* LaunchScreen.storyboard */; };
		1122C6C51EE55375006CA37B /* CXDismissAndCircleAnimationTests.m in Sources */ = {isa = PBXBuildFile; fileRef = 1122C6C41EE55375006CA37B /* CXDismissAndCircleAnimationTests.m */; };
		1122C6D01EE55375006CA37B /* CXDismissAndCircleAnimationUITests.m in Sources */ = {isa = PBXBuildFile; fileRef = 1122C6CF1EE55375006CA37B /* CXDismissAndCircleAnimationUITests.m */; };
		1122C6E21EE553F8006CA37B /* CXAnimationButton.m in Sources */ = {isa = PBXBuildFile; fileRef = 1122C6DF1EE553F8006CA37B /* CXAnimationButton.m */; };
		1122C6E31EE553F8006CA37B /* CXCircleAnimationView.m in Sources */ = {isa = PBXBuildFile; fileRef = 1122C6E11EE553F8006CA37B /* CXCircleAnimationView.m */; };
		1122C6E61EE557CB006CA37B /* PresentVC.m in Sources */ = {isa = PBXBuildFile; fileRef = 1122C6E51EE557CB006CA37B /* PresentVC.m */; };
		1122C6E91EE55810006CA37B /* DismissAnimation.m in Sources */ = {isa = PBXBuildFile; fileRef = 1122C6E81EE55810006CA37B /* DismissAnimation.m */; };
/* End PBXBuildFile section */

/* Begin PBXContainerItemProxy section */
		1122C6C11EE55375006CA37B /* PBXContainerItemProxy */ = {
			isa = PBXContainerItemProxy;
			containerPortal = 1122C69F1EE55375006CA37B /* Project object */;
			proxyType = 1;
			remoteGlobalIDString = 1122C6A61EE55375006CA37B;
			remoteInfo = CXDismissAndCircleAnimation;
		};
		1122C6CC1EE55375006CA37B /* PBXContainerItemProxy */ = {
			isa = PBXContainerItemProxy;
			containerPortal = 1122C69F1EE55375006CA37B /* Project object */;
			proxyType = 1;
			remoteGlobalIDString = 1122C6A61EE55375006CA37B;
			remoteInfo = CXDismissAndCircleAnimation;
		};
/* End PBXContainerItemProxy section */

/* Begin PBXFileReference section */
		1122C6A71EE55375006CA37B /* CXDismissAndCircleAnimation.app */ = {isa = PBXFileReference; explicitFileType = wrapper.application; includeInIndex = 0; path = CXDismissAndCircleAnimation.app; sourceTree = BUILT_PRODUCTS_DIR; };
		1122C6AB1EE55375006CA37B /* main.m */ = {isa = PBXFileReference; lastKnownFileType = sourcecode.c.objc; path = main.m; sourceTree = "<group>"; };
		1122C6AD1EE55375006CA37B /* AppDelegate.h */ = {isa = PBXFileReference; lastKnownFileType = sourcecode.c.h; path = AppDelegate.h; sourceTree = "<group>"; };
		1122C6AE1EE55375006CA37B /* AppDelegate.m */ = {isa = PBXFileReference; lastKnownFileType = sourcecode.c.objc; path = AppDelegate.m; sourceTree = "<group>"; };
		1122C6B01EE55375006CA37B /* ViewController.h */ = {isa = PBXFileReference; lastKnownFileType = sourcecode.c.h; path = ViewController.h; sourceTree = "<group>"; };
		1122C6B11EE55375006CA37B /* ViewController.m */ = {isa = PBXFileReference; lastKnownFileType = sourcecode.c.objc; path = ViewController.m; sourceTree = "<group>"; };
		1122C6B41EE55375006CA37B /* Base */ = {isa = PBXFileReference; lastKnownFileType = file.storyboard; name = Base; path = Base.lproj/Main.storyboard; sourceTree = "<group>"; };
		1122C6B61EE55375006CA37B /* Assets.xcassets */ = {isa = PBXFileReference; lastKnownFileType = folder.assetcatalog; path = Assets.xcassets; sourceTree = "<group>"; };
		1122C6B91EE55375006CA37B /* Base */ = {isa = PBXFileReference; lastKnownFileType = file.storyboard; name = Base; path = Base.lproj/LaunchScreen.storyboard; sourceTree = "<group>"; };
		1122C6BB1EE55375006CA37B /* Info.plist */ = {isa = PBXFileReference; lastKnownFileType = text.plist.xml; path = Info.plist; sourceTree = "<group>"; };
		1122C6C01EE55375006CA37B /* CXDismissAndCircleAnimationTests.xctest */ = {isa = PBXFileReference; explicitFileType = wrapper.cfbundle; includeInIndex = 0; path = CXDismissAndCircleAnimationTests.xctest; sourceTree = BUILT_PRODUCTS_DIR; };
		1122C6C41EE55375006CA37B /* CXDismissAndCircleAnimationTests.m */ = {isa = PBXFileReference; lastKnownFileType = sourcecode.c.objc; path = CXDismissAndCircleAnimationTests.m; sourceTree = "<group>"; };
		1122C6C61EE55375006CA37B /* Info.plist */ = {isa = PBXFileReference; lastKnownFileType = text.plist.xml; path = Info.plist; sourceTree = "<group>"; };
		1122C6CB1EE55375006CA37B /* CXDismissAndCircleAnimationUITests.xctest */ = {isa = PBXFileReference; explicitFileType = wrapper.cfbundle; includeInIndex = 0; path = CXDismissAndCircleAnimationUITests.xctest; sourceTree = BUILT_PRODUCTS_DIR; };
		1122C6CF1EE55375006CA37B /* CXDismissAndCircleAnimationUITests.m */ = {isa = PBXFileReference; lastKnownFileType = sourcecode.c.objc; path = CXDismissAndCircleAnimationUITests.m; sourceTree = "<group>"; };
		1122C6D11EE55375006CA37B /* Info.plist */ = {isa = PBXFileReference; lastKnownFileType = text.plist.xml; path = Info.plist; sourceTree = "<group>"; };
		1122C6DE1EE553F8006CA37B /* CXAnimationButton.h */ = {isa = PBXFileReference; fileEncoding = 4; lastKnownFileType = sourcecode.c.h; path = CXAnimationButton.h; sourceTree = "<group>"; };
		1122C6DF1EE553F8006CA37B /* CXAnimationButton.m */ = {isa = PBXFileReference; fileEncoding = 4; lastKnownFileType = sourcecode.c.objc; path = CXAnimationButton.m; sourceTree = "<group>"; };
		1122C6E01EE553F8006CA37B /* CXCircleAnimationView.h */ = {isa = PBXFileReference; fileEncoding = 4; lastKnownFileType = sourcecode.c.h; path = CXCircleAnimationView.h; sourceTree = "<group>"; };
		1122C6E11EE553F8006CA37B /* CXCircleAnimationView.m */ = {isa = PBXFileReference; fileEncoding = 4; lastKnownFileType = sourcecode.c.objc; path = CXCircleAnimationView.m; sourceTree = "<group>"; };
		1122C6E41EE557CB006CA37B /* PresentVC.h */ = {isa = PBXFileReference; fileEncoding = 4; lastKnownFileType = sourcecode.c.h; path = PresentVC.h; sourceTree = "<group>"; };
		1122C6E51EE557CB006CA37B /* PresentVC.m */ = {isa = PBXFileReference; fileEncoding = 4; lastKnownFileType = sourcecode.c.objc; path = PresentVC.m; sourceTree = "<group>"; };
		1122C6E71EE55810006CA37B /* DismissAnimation.h */ = {isa = PBXFileReference; fileEncoding = 4; lastKnownFileType = sourcecode.c.h; path = DismissAnimation.h; sourceTree = "<group>"; };
		1122C6E81EE55810006CA37B /* DismissAnimation.m */ = {isa = PBXFileReference; fileEncoding = 4; lastKnownFileType = sourcecode.c.objc; path = DismissAnimation.m; sourceTree = "<group>"; };
/* End PBXFileReference section */

/* Begin PBXFrameworksBuildPhase section */
		1122C6A41EE55375006CA37B /* Frameworks */ = {
			isa = PBXFrameworksBuildPhase;
			buildActionMask = 2147483647;
			files = (
			);
			runOnlyForDeploymentPostprocessing = 0;
		};
		1122C6BD1EE55375006CA37B /* Frameworks */ = {
			isa = PBXFrameworksBuildPhase;
			buildActionMask = 2147483647;
			files = (
			);
			runOnlyForDeploymentPostprocessing = 0;
		};
		1122C6C81EE55375006CA37B /* Frameworks */ = {
			isa = PBXFrameworksBuildPhase;
			buildActionMask = 2147483647;
			files = (
			);
			runOnlyForDeploymentPostprocessing = 0;
		};
/* End PBXFrameworksBuildPhase section */

/* Begin PBXGroup section */
		1122C69E1EE55375006CA37B = {
			isa = PBXGroup;
			children = (
				1122C6A91EE55375006CA37B /* CXDismissAndCircleAnimation */,
				1122C6C31EE55375006CA37B /* CXDismissAndCircleAnimationTests */,
				1122C6CE1EE55375006CA37B /* CXDismissAndCircleAnimationUITests */,
				1122C6A81EE55375006CA37B /* Products */,
			);
			sourceTree = "<group>";
		};
		1122C6A81EE55375006CA37B /* Products */ = {
			isa = PBXGroup;
			children = (
				1122C6A71EE55375006CA37B /* CXDismissAndCircleAnimation.app */,
				1122C6C01EE55375006CA37B /* CXDismissAndCircleAnimationTests.xctest */,
				1122C6CB1EE55375006CA37B /* CXDismissAndCircleAnimationUITests.xctest */,
			);
			name = Products;
			sourceTree = "<group>";
		};
		1122C6A91EE55375006CA37B /* CXDismissAndCircleAnimation */ = {
			isa = PBXGroup;
			children = (
				1122C6DD1EE553F8006CA37B /* CXAnimation */,
				1122C6AD1EE55375006CA37B /* AppDelegate.h */,
				1122C6AE1EE55375006CA37B /* AppDelegate.m */,
				1122C6B01EE55375006CA37B /* ViewController.h */,
				1122C6B11EE55375006CA37B /* ViewController.m */,
				1122C6E41EE557CB006CA37B /* PresentVC.h */,
				1122C6E51EE557CB006CA37B /* PresentVC.m */,
				1122C6B31EE55375006CA37B /* Main.storyboard */,
				1122C6B61EE55375006CA37B /* Assets.xcassets */,
				1122C6B81EE55375006CA37B /* LaunchScreen.storyboard */,
				1122C6BB1EE55375006CA37B /* Info.plist */,
				1122C6AA1EE55375006CA37B /* Supporting Files */,
			);
			path = CXDismissAndCircleAnimation;
			sourceTree = "<group>";
		};
		1122C6AA1EE55375006CA37B /* Supporting Files */ = {
			isa = PBXGroup;
			children = (
				1122C6AB1EE55375006CA37B /* main.m */,
			);
			name = "Supporting Files";
			sourceTree = "<group>";
		};
		1122C6C31EE55375006CA37B /* CXDismissAndCircleAnimationTests */ = {
			isa = PBXGroup;
			children = (
				1122C6C41EE55375006CA37B /* CXDismissAndCircleAnimationTests.m */,
				1122C6C61EE55375006CA37B /* Info.plist */,
			);
			path = CXDismissAndCircleAnimationTests;
			sourceTree = "<group>";
		};
		1122C6CE1EE55375006CA37B /* CXDismissAndCircleAnimationUITests */ = {
			isa = PBXGroup;
			children = (
				1122C6CF1EE55375006CA37B /* CXDismissAndCircleAnimationUITests.m */,
				1122C6D11EE55375006CA37B /* Info.plist */,
			);
			path = CXDismissAndCircleAnimationUITests;
			sourceTree = "<group>";
		};
		1122C6DD1EE553F8006CA37B /* CXAnimation */ = {
			isa = PBXGroup;
			children = (
				1122C6E71EE55810006CA37B /* DismissAnimation.h */,
				1122C6E81EE55810006CA37B /* DismissAnimation.m */,
				1122C6DE1EE553F8006CA37B /* CXAnimationButton.h */,
				1122C6DF1EE553F8006CA37B /* CXAnimationButton.m */,
				1122C6E01EE553F8006CA37B /* CXCircleAnimationView.h */,
				1122C6E11EE553F8006CA37B /* CXCircleAnimationView.m */,
			);
			path = CXAnimation;
			sourceTree = "<group>";
		};
/* End PBXGroup section */

/* Begin PBXNativeTarget section */
		1122C6A61EE55375006CA37B /* CXDismissAndCircleAnimation */ = {
			isa = PBXNativeTarget;
			buildConfigurationList = 1122C6D41EE55375006CA37B /* Build configuration list for PBXNativeTarget "CXDismissAndCircleAnimation" */;
			buildPhases = (
				1122C6A31EE55375006CA37B /* Sources */,
				1122C6A41EE55375006CA37B /* Frameworks */,
				1122C6A51EE55375006CA37B /* Resources */,
			);
			buildRules = (
			);
			dependencies = (
			);
			name = CXDismissAndCircleAnimation;
			productName = CXDismissAndCircleAnimation;
			productReference = 1122C6A71EE55375006CA37B /* CXDismissAndCircleAnimation.app */;
			productType = "com.apple.product-type.application";
		};
		1122C6BF1EE55375006CA37B /* CXDismissAndCircleAnimationTests */ = {
			isa = PBXNativeTarget;
			buildConfigurationList = 1122C6D71EE55375006CA37B /* Build configuration list for PBXNativeTarget "CXDismissAndCircleAnimationTests" */;
			buildPhases = (
				1122C6BC1EE55375006CA37B /* Sources */,
				1122C6BD1EE55375006CA37B /* Frameworks */,
				1122C6BE1EE55375006CA37B /* Resources */,
			);
			buildRules = (
			);
			dependencies = (
				1122C6C21EE55375006CA37B /* PBXTargetDependency */,
			);
			name = CXDismissAndCircleAnimationTests;
			productName = CXDismissAndCircleAnimationTests;
			productReference = 1122C6C01EE55375006CA37B /* CXDismissAndCircleAnimationTests.xctest */;
			productType = "com.apple.product-type.bundle.unit-test";
		};
		1122C6CA1EE55375006CA37B /* CXDismissAndCircleAnimationUITests */ = {
			isa = PBXNativeTarget;
			buildConfigurationList = 1122C6DA1EE55375006CA37B /* Build configuration list for PBXNativeTarget "CXDismissAndCircleAnimationUITests" */;
			buildPhases = (
				1122C6C71EE55375006CA37B /* Sources */,
				1122C6C81EE55375006CA37B /* Frameworks */,
				1122C6C91EE55375006CA37B /* Resources */,
			);
			buildRules = (
			);
			dependencies = (
				1122C6CD1EE55375006CA37B /* PBXTargetDependency */,
			);
			name = CXDismissAndCircleAnimationUITests;
			productName = CXDismissAndCircleAnimationUITests;
			productReference = 1122C6CB1EE55375006CA37B /* CXDismissAndCircleAnimationUITests.xctest */;
			productType = "com.apple.product-type.bundle.ui-testing";
		};
/* End PBXNativeTarget section */

/* Begin PBXProject section */
		1122C69F1EE55375006CA37B /* Project object */ = {
			isa = PBXProject;
			attributes = {
				LastUpgradeCheck = 0830;
				ORGANIZATIONNAME = bugWacko;
				TargetAttributes = {
					1122C6A61EE55375006CA37B = {
						CreatedOnToolsVersion = 8.3.2;
						ProvisioningStyle = Automatic;
					};
					1122C6BF1EE55375006CA37B = {
						CreatedOnToolsVersion = 8.3.2;
						ProvisioningStyle = Automatic;
						TestTargetID = 1122C6A61EE55375006CA37B;
					};
					1122C6CA1EE55375006CA37B = {
						CreatedOnToolsVersion = 8.3.2;
						ProvisioningStyle = Automatic;
						TestTargetID = 1122C6A61EE55375006CA37B;
					};
				};
			};
			buildConfigurationList = 1122C6A21EE55375006CA37B /* Build configuration list for PBXProject "CXDismissAndCircleAnimation" */;
			compatibilityVersion = "Xcode 3.2";
			developmentRegion = English;
			hasScannedForEncodings = 0;
			knownRegions = (
				en,
				Base,
			);
			mainGroup = 1122C69E1EE55375006CA37B;
			productRefGroup = 1122C6A81EE55375006CA37B /* Products */;
			projectDirPath = "";
			projectRoot = "";
			targets = (
				1122C6A61EE55375006CA37B /* CXDismissAndCircleAnimation */,
				1122C6BF1EE55375006CA37B /* CXDismissAndCircleAnimationTests */,
				1122C6CA1EE55375006CA37B /* CXDismissAndCircleAnimationUITests */,
			);
		};
/* End PBXProject section */

/* Begin PBXResourcesBuildPhase section */
		1122C6A51EE55375006CA37B /* Resources */ = {
			isa = PBXResourcesBuildPhase;
			buildActionMask = 2147483647;
			files = (
				1122C6BA1EE55375006CA37B /* LaunchScreen.storyboard in Resources */,
				1122C6B71EE55375006CA37B /* Assets.xcassets in Resources */,
				1122C6B51EE55375006CA37B /* Main.storyboard in Resources */,
			);
			runOnlyForDeploymentPostprocessing = 0;
		};
		1122C6BE1EE55375006CA37B /* Resources */ = {
			isa = PBXResourcesBuildPhase;
			buildActionMask = 2147483647;
			files = (
			);
			runOnlyForDeploymentPostprocessing = 0;
		};
		1122C6C91EE55375006CA37B /* Resources */ = {
			isa = PBXResourcesBuildPhase;
			buildActionMask = 2147483647;
			files = (
			);
			runOnlyForDeploymentPostprocessing = 0;
		};
/* End PBXResourcesBuildPhase section */

/* Begin PBXSourcesBuildPhase section */
		1122C6A31EE55375006CA37B /* Sources */ = {
			isa = PBXSourcesBuildPhase;
			buildActionMask = 2147483647;
			files = (
				1122C6B21EE55375006CA37B /* ViewController.m in Sources */,
				1122C6E31EE553F8006CA37B /* CXCircleAnimationView.m in Sources */,
				1122C6E61EE557CB006CA37B /* PresentVC.m in Sources */,
				1122C6E91EE55810006CA37B /* DismissAnimation.m in Sources */,
				1122C6E21EE553F8006CA37B /* CXAnimationButton.m in Sources */,
				1122C6AF1EE55375006CA37B /* AppDelegate.m in Sources */,
				1122C6AC1EE55375006CA37B /* main.m in Sources */,
			);
			runOnlyForDeploymentPostprocessing = 0;
		};
		1122C6BC1EE55375006CA37B /* Sources */ = {
			isa = PBXSourcesBuildPhase;
			buildActionMask = 2147483647;
			files = (
				1122C6C51EE55375006CA37B /* CXDismissAndCircleAnimationTests.m in Sources */,
			);
			runOnlyForDeploymentPostprocessing = 0;
		};
		1122C6C71EE55375006CA37B /* Sources */ = {
			isa = PBXSourcesBuildPhase;
			buildActionMask = 2147483647;
			files = (
				1122C6D01EE55375006CA37B /* CXDismissAndCircleAnimationUITests.m in Sources */,
			);
			runOnlyForDeploymentPostprocessing = 0;
		};
/* End PBXSourcesBuildPhase section */

/* Begin PBXTargetDependency section */
		1122C6C21EE55375006CA37B /* PBXTargetDependency */ = {
			isa = PBXTargetDependency;
			target = 1122C6A61EE55375006CA37B /* CXDismissAndCircleAnimation */;
			targetProxy = 1122C6C11EE55375006CA37B /* PBXContainerItemProxy */;
		};
		1122C6CD1EE55375006CA37B /* PBXTargetDependency */ = {
			isa = PBXTargetDependency;
			target = 1122C6A61EE55375006CA37B /* CXDismissAndCircleAnimation */;
			targetProxy = 1122C6CC1EE55375006CA37B /* PBXContainerItemProxy */;
		};
/* End PBXTargetDependency section */

/* Begin PBXVariantGroup section */
		1122C6B31EE55375006CA37B /* Main.storyboard */ = {
			isa = PBXVariantGroup;
			children = (
				1122C6B41EE55375006CA37B /* Base */,
			);
			name = Main.storyboard;
			sourceTree = "<group>";
		};
		1122C6B81EE55375006CA37B /* LaunchScreen.storyboard */ = {
			isa = PBXVariantGroup;
			children = (
				1122C6B91EE55375006CA37B /* Base */,
			);
			name = LaunchScreen.storyboard;
			sourceTree = "<group>";
		};
/* End PBXVariantGroup section */

/* Begin XCBuildConfiguration section */
		1122C6D21EE55375006CA37B /* Debug */ = {
			isa = XCBuildConfiguration;
			buildSettings = {
				ALWAYS_SEARCH_USER_PATHS = NO;
				CLANG_ANALYZER_NONNULL = YES;
				CLANG_ANALYZER_NUMBER_OBJECT_CONVERSION = YES_AGGRESSIVE;
				CLANG_CXX_LANGUAGE_STANDARD = "gnu++0x";
				CLANG_CXX_LIBRARY = "libc++";
				CLANG_ENABLE_MODULES = YES;
				CLANG_ENABLE_OBJC_ARC = YES;
				CLANG_WARN_BOOL_CONVERSION = YES;
				CLANG_WARN_CONSTANT_CONVERSION = YES;
				CLANG_WARN_DIRECT_OBJC_ISA_USAGE = YES_ERROR;
				CLANG_WARN_DOCUMENTATION_COMMENTS = YES;
				CLANG_WARN_EMPTY_BODY = YES;
				CLANG_WARN_ENUM_CONVERSION = YES;
				CLANG_WARN_INFINITE_RECURSION = YES;
				CLANG_WARN_INT_CONVERSION = YES;
				CLANG_WARN_OBJC_ROOT_CLASS = YES_ERROR;
				CLANG_WARN_SUSPICIOUS_MOVE = YES;
				CLANG_WARN_UNREACHABLE_CODE = YES;
				CLANG_WARN__DUPLICATE_METHOD_MATCH = YES;
				"CODE_SIGN_IDENTITY[sdk=iphoneos*]" = "iPhone Developer";
				COPY_PHASE_STRIP = NO;
				DEBUG_INFORMATION_FORMAT = dwarf;
				ENABLE_STRICT_OBJC_MSGSEND = YES;
				ENABLE_TESTABILITY = YES;
				GCC_C_LANGUAGE_STANDARD = gnu99;
				GCC_DYNAMIC_NO_PIC = NO;
				GCC_NO_COMMON_BLOCKS = YES;
				GCC_OPTIMIZATION_LEVEL = 0;
				GCC_PREPROCESSOR_DEFINITIONS = (
					"DEBUG=1",
					"$(inherited)",
				);
				GCC_WARN_64_TO_32_BIT_CONVERSION = YES;
				GCC_WARN_ABOUT_RETURN_TYPE = YES_ERROR;
				GCC_WARN_UNDECLARED_SELECTOR = YES;
				GCC_WARN_UNINITIALIZED_AUTOS = YES_AGGRESSIVE;
				GCC_WARN_UNUSED_FUNCTION = YES;
				GCC_WARN_UNUSED_VARIABLE = YES;
				IPHONEOS_DEPLOYMENT_TARGET = 10.3;
				MTL_ENABLE_DEBUG_INFO = YES;
				ONLY_ACTIVE_ARCH = YES;
				SDKROOT = iphoneos;
			};
			name = Debug;
		};
		1122C6D31EE55375006CA37B /* Release */ = {
			isa = XCBuildConfiguration;
			buildSettings = {
				ALWAYS_SEARCH_USER_PATHS = NO;
				CLANG_ANALYZER_NONNULL = YES;
				CLANG_ANALYZER_NUMBER_OBJECT_CONVERSION = YES_AGGRESSIVE;
				CLANG_CXX_LANGUAGE_STANDARD = "gnu++0x";
				CLANG_CXX_LIBRARY = "libc++";
				CLANG_ENABLE_MODULES = YES;
				CLANG_ENABLE_OBJC_ARC = YES;
				CLANG_WARN_BOOL_CONVERSION = YES;
				CLANG_WARN_CONSTANT_CONVERSION = YES;
				CLANG_WARN_DIRECT_OBJC_ISA_USAGE = YES_ERROR;
				CLANG_WARN_DOCUMENTATION_COMMENTS = YES;
				CLANG_WARN_EMPTY_BODY = YES;
				CLANG_WARN_ENUM_CONVERSION = YES;
				CLANG_WARN_INFINITE_RECURSION = YES;
				CLANG_WARN_INT_CONVERSION = YES;
				CLANG_WARN_OBJC_ROOT_CLASS = YES_ERROR;
				CLANG_WARN_SUSPICIOUS_MOVE = YES;
				CLANG_WARN_UNREACHABLE_CODE = YES;
				CLANG_WARN__DUPLICATE_METHOD_MATCH = YES;
				"CODE_SIGN_IDENTITY[sdk=iphoneos*]" = "iPhone Developer";
				COPY_PHASE_STRIP = NO;
				DEBUG_INFORMATION_FORMAT = "dwarf-with-dsym";
				ENABLE_NS_ASSERTIONS = NO;
				ENABLE_STRICT_OBJC_MSGSEND = YES;
				GCC_C_LANGUAGE_STANDARD = gnu99;
				GCC_NO_COMMON_BLOCKS = YES;
				GCC_WARN_64_TO_32_BIT_CONVERSION = YES;
				GCC_WARN_ABOUT_RETURN_TYPE = YES_ERROR;
				GCC_WARN_UNDECLARED_SELECTOR = YES;
				GCC_WARN_UNINITIALIZED_AUTOS = YES_AGGRESSIVE;
				GCC_WARN_UNUSED_FUNCTION = YES;
				GCC_WARN_UNUSED_VARIABLE = YES;
				IPHONEOS_DEPLOYMENT_TARGET = 10.3;
				MTL_ENABLE_DEBUG_INFO = NO;
				SDKROOT = iphoneos;
				VALIDATE_PRODUCT = YES;
			};
			name = Release;
		};
		1122C6D51EE55375006CA37B /* Debug */ = {
			isa = XCBuildConfiguration;
			buildSettings = {
				ASSETCATALOG_COMPILER_APPICON_NAME = AppIcon;
				INFOPLIST_FILE = CXDismissAndCircleAnimation/Info.plist;
				LD_RUNPATH_SEARCH_PATHS = "$(inherited) @executable_path/Frameworks";
				PRODUCT_BUNDLE_IDENTIFIER = com.bugwacko.test.CXDismissAndCircleAnimation;
				PRODUCT_NAME = "$(TARGET_NAME)";
			};
			name = Debug;
		};
		1122C6D61EE55375006CA37B /* Release */ = {
			isa = XCBuildConfiguration;
			buildSettings = {
				ASSETCATALOG_COMPILER_APPICON_NAME = AppIcon;
				INFOPLIST_FILE = CXDismissAndCircleAnimation/Info.plist;
				LD_RUNPATH_SEARCH_PATHS = "$(inherited) @executable_path/Frameworks";
				PRODUCT_BUNDLE_IDENTIFIER = com.bugwacko.test.CXDismissAndCircleAnimation;
				PRODUCT_NAME = "$(TARGET_NAME)";
			};
			name = Release;
		};
		1122C6D81EE55375006CA37B /* Debug */ = {
			isa = XCBuildConfiguration;
			buildSettings = {
				BUNDLE_LOADER = "$(TEST_HOST)";
				INFOPLIST_FILE = CXDismissAndCircleAnimationTests/Info.plist;
				LD_RUNPATH_SEARCH_PATHS = "$(inherited) @executable_path/Frameworks @loader_path/Frameworks";
				PRODUCT_BUNDLE_IDENTIFIER = com.bugwacko.test.CXDismissAndCircleAnimationTests;
				PRODUCT_NAME = "$(TARGET_NAME)";
				TEST_HOST = "$(BUILT_PRODUCTS_DIR)/CXDismissAndCircleAnimation.app/CXDismissAndCircleAnimation";
			};
			name = Debug;
		};
		1122C6D91EE55375006CA37B /* Release */ = {
			isa = XCBuildConfiguration;
			buildSettings = {
				BUNDLE_LOADER = "$(TEST_HOST)";
				INFOPLIST_FILE = CXDismissAndCircleAnimationTests/Info.plist;
				LD_RUNPATH_SEARCH_PATHS = "$(inherited) @executable_path/Frameworks @loader_path/Frameworks";
				PRODUCT_BUNDLE_IDENTIFIER = com.bugwacko.test.CXDismissAndCircleAnimationTests;
				PRODUCT_NAME = "$(TARGET_NAME)";
				TEST_HOST = "$(BUILT_PRODUCTS_DIR)/CXDismissAndCircleAnimation.app/CXDismissAndCircleAnimation";
			};
			name = Release;
		};
		1122C6DB1EE55375006CA37B /* Debug */ = {
			isa = XCBuildConfiguration;
			buildSettings = {
				INFOPLIST_FILE = CXDismissAndCircleAnimationUITests/Info.plist;
				LD_RUNPATH_SEARCH_PATHS = "$(inherited) @executable_path/Frameworks @loader_path/Frameworks";
				PRODUCT_BUNDLE_IDENTIFIER = com.bugwacko.test.CXDismissAndCircleAnimationUITests;
				PRODUCT_NAME = "$(TARGET_NAME)";
				TEST_TARGET_NAME = CXDismissAndCircleAnimation;
			};
			name = Debug;
		};
		1122C6DC1EE55375006CA37B /* Release */ = {
			isa = XCBuildConfiguration;
			buildSettings = {
				INFOPLIST_FILE = CXDismissAndCircleAnimationUITests/Info.plist;
				LD_RUNPATH_SEARCH_PATHS = "$(inherited) @executable_path/Frameworks @loader_path/Frameworks";
				PRODUCT_BUNDLE_IDENTIFIER = com.bugwacko.test.CXDismissAndCircleAnimationUITests;
				PRODUCT_NAME = "$(TARGET_NAME)";
				TEST_TARGET_NAME = CXDismissAndCircleAnimation;
			};
			name = Release;
		};
/* End XCBuildConfiguration section */

/* Begin XCConfigurationList section */
		1122C6A21EE55375006CA37B /* Build configuration list for PBXProject "CXDismissAndCircleAnimation" */ = {
			isa = XCConfigurationList;
			buildConfigurations = (
				1122C6D21EE55375006CA37B /* Debug */,
				1122C6D31EE55375006CA37B /* Release */,
			);
			defaultConfigurationIsVisible = 0;
			defaultConfigurationName = Release;
		};
		1122C6D41EE55375006CA37B /* Build configuration list for PBXNativeTarget "CXDismissAndCircleAnimation" */ = {
			isa = XCConfigurationList;
			buildConfigurations = (
				1122C6D51EE55375006CA37B /* Debug */,
				1122C6D61EE55375006CA37B /* Release */,
			);
			defaultConfigurationIsVisible = 0;
		};
		1122C6D71EE55375006CA37B /* Build configuration list for PBXNativeTarget "CXDismissAndCircleAnimationTests" */ = {
			isa = XCConfigurationList;
			buildConfigurations = (
				1122C6D81EE55375006CA37B /* Debug */,
				1122C6D91EE55375006CA37B /* Release */,
			);
			defaultConfigurationIsVisible = 0;
		};
		1122C6DA1EE55375006CA37B /* Build configuration list for PBXNativeTarget "CXDismissAndCircleAnimationUITests" */ = {
			isa = XCConfigurationList;
			buildConfigurations = (
				1122C6DB1EE55375006CA37B /* Debug */,
				1122C6DC1EE55375006CA37B /* Release */,
			);
			defaultConfigurationIsVisible = 0;
		};
/* End XCConfigurationList section */
	};
	rootObject = 1122C69F1EE55375006CA37B /* Project object */;
}
